
Microsoft Visual Studio Solution File, Format Version 12.00
# Visual Studio Version 16
VisualStudioVersion = 16.6.30114.105
MinimumVisualStudioVersion = 10.0.40219.1
Project("{2150E333-8FDC-42A3-9474-1A3956D46DE8}") = "src", "src", "{84604E63-3DA9-4D75-B4D2-495D03347173}"
EndProject
Project("{FAE04EC0-301F-11D3-BF4B-00C04F79EFBC}") = "Client", "src\Client\Client.csproj", "{6B6FEFD8-ED17-4F1E-864E-346B915F2D01}"
EndProject
Global
	GlobalSection(SolutionConfigurationPlatforms) = preSolution
		Debug|Any CPU = Debug|Any CPU
		Debug|x64 = Debug|x64
		Debug|x86 = Debug|x86
		Release|Any CPU = Release|Any CPU
		Release|x64 = Release|x64
		Release|x86 = Release|x86
	EndGlobalSection
	GlobalSection(SolutionProperties) = preSolution
		HideSolutionNode = FALSE
	EndGlobalSection
	GlobalSection(ProjectConfigurationPlatforms) = postSolution
		{6B6FEFD8-ED17-4F1E-864E-346B915F2D01}.Debug|Any CPU.ActiveCfg = Debug|Any CPU
		{6B6FEFD8-ED17-4F1E-864E-346B915F2D01}.Debug|Any CPU.Build.0 = Debug|Any CPU
		{6B6FEFD8-ED17-4F1E-864E-346B915F2D01}.Debug|x64.ActiveCfg = Debug|Any CPU
		{6B6FEFD8-ED17-4F1E-864E-346B915F2D01}.Debug|x64.Build.0 = Debug|Any CPU
		{6B6FEFD8-ED17-4F1E-864E-346B915F2D01}.Debug|x86.ActiveCfg = Debug|Any CPU
		{6B6FEFD8-ED17-4F1E-864E-346B915F2D01}.Debug|x86.Build.0 = Debug|Any CPU
		{6B6FEFD8-ED17-4F1E-864E-346B915F2D01}.Release|Any CPU.ActiveCfg = Release|Any CPU
		{6B6FEFD8-ED17-4F1E-864E-346B915F2D01}.Release|Any CPU.Build.0 = Release|Any CPU
		{6B6FEFD8-ED17-4F1E-864E-346B915F2D01}.Release|x64.ActiveCfg = Release|Any CPU
		{6B6FEFD8-ED17-4F1E-864E-346B915F2D01}.Release|x64.Build.0 = Release|Any CPU
		{6B6FEFD8-ED17-4F1E-864E-346B915F2D01}.Release|x86.ActiveCfg = Release|Any CPU
		{6B6FEFD8-ED17-4F1E-864E-346B915F2D01}.Release|x86.Build.0 = Release|Any CPU
	EndGlobalSection
	GlobalSection(NestedProjects) = preSolution
		{6B6FEFD8-ED17-4F1E-864E-346B915F2D01} = {84604E63-3DA9-4D75-B4D2-495D03347173}
	EndGlobalSection
EndGlobal
